{
  "name": "basics",
  "lockfileVersion": 3,
  "requires": true,
  "packages": {
    "": {
      "dependencies": {
        "shayan": "^0.0.1"
      }
    },
    "node_modules/shayan": {
      "version": "0.0.1",
      "resolved": "https://registry.npmjs.org/shayan/-/shayan-0.0.1.tgz",
      "integrity": "sha512-p3PK+Zb1ytnVZaIC5/t9cvMuSMtVCBS5yjxSGB77NPJ6tkou36cr7mWd/dLqvsv48SclKn6dORZr7XsnJi6Smw=="
    }
  }
}
